// !$*UTF8*$!
{
	archiveVersion = 1;
	classes = {
	};
	objectVersion = 46;
	objects = {

/* Begin PBXBuildFile section */
		EB037A541EB28D0F00B4EB4E /* RecentSearchTableViewController.swift in Sources */ = {isa = PBXBuildFile; fileRef = EB037A531EB28D0F00B4EB4E /* RecentSearchTableViewController.swift */; };
		EB037A581EB2A4DB00B4EB4E /* UserDefaultExtension.swift in Sources */ = {isa = PBXBuildFile; fileRef = EB037A571EB2A4DB00B4EB4E /* UserDefaultExtension.swift */; };
		EB3722891EB259F80070CFB8 /* .gitignore in Resources */ = {isa = PBXBuildFile; fileRef = EB3722881EB259F80070CFB8 /* .gitignore */; };
		EB7DCC8B1EAEA5A2002016F0 /* TweetDetailTableViewController.swift in Sources */ = {isa = PBXBuildFile; fileRef = EB7DCC8A1EAEA5A2002016F0 /* TweetDetailTableViewController.swift */; };
		EB7DCC8D1EAFBAB7002016F0 /* DetailTableViewCell.swift in Sources */ = {isa = PBXBuildFile; fileRef = EB7DCC8C1EAFBAB7002016F0 /* DetailTableViewCell.swift */; };
		EB7DCC911EB1095B002016F0 /* ImageScrollViewController.swift in Sources */ = {isa = PBXBuildFile; fileRef = EB7DCC901EB1095B002016F0 /* ImageScrollViewController.swift */; };
		EBB760241EB7BF6F00914142 /* SmashtagData.xcdatamodeld in Sources */ = {isa = PBXBuildFile; fileRef = EBB760221EB7BF6F00914142 /* SmashtagData.xcdatamodeld */; };
		EBB760261EB7C1D600914142 /* Tweet.swift in Sources */ = {isa = PBXBuildFile; fileRef = EBB760251EB7C1D600914142 /* Tweet.swift */; };
		EBB760281EB7C1F800914142 /* TwitterUser.swift in Sources */ = {isa = PBXBuildFile; fileRef = EBB760271EB7C1F800914142 /* TwitterUser.swift */; };
		EBB7602A1EB7C48E00914142 /* SmashTweetTableViewCcontroller.swift in Sources */ = {isa = PBXBuildFile; fileRef = EBB760291EB7C48E00914142 /* SmashTweetTableViewCcontroller.swift */; };
		EBD851031EA9596600174FA8 /* AppDelegate.swift in Sources */ = {isa = PBXBuildFile; fileRef = EBD851021EA9596600174FA8 /* AppDelegate.swift */; };
		EBD851081EA9596600174FA8 /* Main.storyboard in Resources */ = {isa = PBXBuildFile; fileRef = EBD851061EA9596600174FA8 /* Main.storyboard */; };
		EBD8510A1EA9596600174FA8 /* Assets.xcassets in Resources */ = {isa = PBXBuildFile; fileRef = EBD851091EA9596600174FA8 /* Assets.xcassets */; };
		EBD8510D1EA9596600174FA8 /* LaunchScreen.storyboard in Resources */ = {isa = PBXBuildFile; fileRef = EBD8510B1EA9596600174FA8 /* LaunchScreen.storyboard */; };
		EBD851161EA9599B00174FA8 /* TweetTableViewController.swift in Sources */ = {isa = PBXBuildFile; fileRef = EBD851151EA9599B00174FA8 /* TweetTableViewController.swift */; };
		EBD851181EA95B5800174FA8 /* Twitter.framework in Frameworks */ = {isa = PBXBuildFile; fileRef = EBD851171EA95B5800174FA8 /* Twitter.framework */; };
		EBD851191EA95B5800174FA8 /* Twitter.framework in Embed Frameworks */ = {isa = PBXBuildFile; fileRef = EBD851171EA95B5800174FA8 /* Twitter.framework */; settings = {ATTRIBUTES = (CodeSignOnCopy, RemoveHeadersOnCopy, ); }; };
		EBD8511C1EA9672800174FA8 /* TweetTableViewCell.swift in Sources */ = {isa = PBXBuildFile; fileRef = EBD8511B1EA9672800174FA8 /* TweetTableViewCell.swift */; };
/* End PBXBuildFile section */

/* Begin PBXCopyFilesBuildPhase section */
		EBD8511A1EA95B5800174FA8 /* Embed Frameworks */ = {
			isa = PBXCopyFilesBuildPhase;
			buildActionMask = 2147483647;
			dstPath = "";
			dstSubfolderSpec = 10;
			files = (
				EBD851191EA95B5800174FA8 /* Twitter.framework in Embed Frameworks */,
			);
			name = "Embed Frameworks";
			runOnlyForDeploymentPostprocessing = 0;
		};
/* End PBXCopyFilesBuildPhase section */

/* Begin PBXFileReference section */
		EB037A531EB28D0F00B4EB4E /* RecentSearchTableViewController.swift */ = {isa = PBXFileReference; fileEncoding = 4; lastKnownFileType = sourcecode.swift; path = RecentSearchTableViewController.swift; sourceTree = "<group>"; };
		EB037A571EB2A4DB00B4EB4E /* UserDefaultExtension.swift */ = {isa = PBXFileReference; fileEncoding = 4; lastKnownFileType = sourcecode.swift; path = UserDefaultExtension.swift; sourceTree = "<group>"; };
		EB3722881EB259F80070CFB8 /* .gitignore */ = {isa = PBXFileReference; fileEncoding = 4; lastKnownFileType = text; path = .gitignore; sourceTree = "<group>"; };
		EB7DCC8A1EAEA5A2002016F0 /* TweetDetailTableViewController.swift */ = {isa = PBXFileReference; fileEncoding = 4; lastKnownFileType = sourcecode.swift; path = TweetDetailTableViewController.swift; sourceTree = "<group>"; };
		EB7DCC8C1EAFBAB7002016F0 /* DetailTableViewCell.swift */ = {isa = PBXFileReference; fileEncoding = 4; lastKnownFileType = sourcecode.swift; path = DetailTableViewCell.swift; sourceTree = "<group>"; };
		EB7DCC901EB1095B002016F0 /* ImageScrollViewController.swift */ = {isa = PBXFileReference; fileEncoding = 4; lastKnownFileType = sourcecode.swift; path = ImageScrollViewController.swift; sourceTree = "<group>"; };
		EBB760231EB7BF6F00914142 /* SmashtagData.xcdatamodel */ = {isa = PBXFileReference; lastKnownFileType = wrapper.xcdatamodel; path = SmashtagData.xcdatamodel; sourceTree = "<group>"; };
		EBB760251EB7C1D600914142 /* Tweet.swift */ = {isa = PBXFileReference; fileEncoding = 4; lastKnownFileType = sourcecode.swift; path = Tweet.swift; sourceTree = "<group>"; };
		EBB760271EB7C1F800914142 /* TwitterUser.swift */ = {isa = PBXFileReference; fileEncoding = 4; lastKnownFileType = sourcecode.swift; path = TwitterUser.swift; sourceTree = "<group>"; };
		EBB760291EB7C48E00914142 /* SmashTweetTableViewCcontroller.swift */ = {isa = PBXFileReference; fileEncoding = 4; lastKnownFileType = sourcecode.swift; path = SmashTweetTableViewCcontroller.swift; sourceTree = "<group>"; };
		EBD850FF1EA9596600174FA8 /* Smashtag.app */ = {isa = PBXFileReference; explicitFileType = wrapper.application; includeInIndex = 0; path = Smashtag.app; sourceTree = BUILT_PRODUCTS_DIR; };
		EBD851021EA9596600174FA8 /* AppDelegate.swift */ = {isa = PBXFileReference; lastKnownFileType = sourcecode.swift; path = AppDelegate.swift; sourceTree = "<group>"; };
		EBD851071EA9596600174FA8 /* Base */ = {isa = PBXFileReference; lastKnownFileType = file.storyboard; name = Base; path = Base.lproj/Main.storyboard; sourceTree = "<group>"; };
		EBD851091EA9596600174FA8 /* Assets.xcassets */ = {isa = PBXFileReference; lastKnownFileType = folder.assetcatalog; path = Assets.xcassets; sourceTree = "<group>"; };
		EBD8510C1EA9596600174FA8 /* Base */ = {isa = PBXFileReference; lastKnownFileType = file.storyboard; name = Base; path = Base.lproj/LaunchScreen.storyboard; sourceTree = "<group>"; };
		EBD8510E1EA9596600174FA8 /* Info.plist */ = {isa = PBXFileReference; lastKnownFileType = text.plist.xml; path = Info.plist; sourceTree = "<group>"; };
		EBD851151EA9599B00174FA8 /* TweetTableViewController.swift */ = {isa = PBXFileReference; fileEncoding = 4; lastKnownFileType = sourcecode.swift; path = TweetTableViewController.swift; sourceTree = "<group>"; };
		EBD851171EA95B5800174FA8 /* Twitter.framework */ = {isa = PBXFileReference; explicitFileType = wrapper.framework; path = Twitter.framework; sourceTree = BUILT_PRODUCTS_DIR; };
		EBD8511B1EA9672800174FA8 /* TweetTableViewCell.swift */ = {isa = PBXFileReference; fileEncoding = 4; lastKnownFileType = sourcecode.swift; path = TweetTableViewCell.swift; sourceTree = "<group>"; };
/* End PBXFileReference section */

/* Begin PBXFrameworksBuildPhase section */
		EBD850FC1EA9596600174FA8 /* Frameworks */ = {
			isa = PBXFrameworksBuildPhase;
			buildActionMask = 2147483647;
			files = (
				EBD851181EA95B5800174FA8 /* Twitter.framework in Frameworks */,
			);
			runOnlyForDeploymentPostprocessing = 0;
		};
/* End PBXFrameworksBuildPhase section */

/* Begin PBXGroup section */
		EBD850F61EA9596600174FA8 = {
			isa = PBXGroup;
			children = (
				EBD851171EA95B5800174FA8 /* Twitter.framework */,
				EBD851011EA9596600174FA8 /* Smashtag */,
				EBD851001EA9596600174FA8 /* Products */,
			);
			sourceTree = "<group>";
		};
		EBD851001EA9596600174FA8 /* Products */ = {
			isa = PBXGroup;
			children = (
				EBD850FF1EA9596600174FA8 /* Smashtag.app */,
			);
			name = Products;
			sourceTree = "<group>";
		};
		EBD851011EA9596600174FA8 /* Smashtag */ = {
			isa = PBXGroup;
			children = (
				EBB760221EB7BF6F00914142 /* SmashtagData.xcdatamodeld */,
				EBD851061EA9596600174FA8 /* Main.storyboard */,
				EB037A571EB2A4DB00B4EB4E /* UserDefaultExtension.swift */,
				EBD8510E1EA9596600174FA8 /* Info.plist */,
				EBD851151EA9599B00174FA8 /* TweetTableViewController.swift */,
				EBB760291EB7C48E00914142 /* SmashTweetTableViewCcontroller.swift */,
				EBD8511B1EA9672800174FA8 /* TweetTableViewCell.swift */,
				EB7DCC8A1EAEA5A2002016F0 /* TweetDetailTableViewController.swift */,
				EBB760251EB7C1D600914142 /* Tweet.swift */,
				EBB760271EB7C1F800914142 /* TwitterUser.swift */,
				EB7DCC8C1EAFBAB7002016F0 /* DetailTableViewCell.swift */,
				EB7DCC901EB1095B002016F0 /* ImageScrollViewController.swift */,
				EB037A531EB28D0F00B4EB4E /* RecentSearchTableViewController.swift */,
				EBD851141EA9598600174FA8 /* Supporting */,
			);
			path = Smashtag;
			sourceTree = "<group>";
		};
		EBD851141EA9598600174FA8 /* Supporting */ = {
			isa = PBXGroup;
			children = (
				EB3722881EB259F80070CFB8 /* .gitignore */,
				EBD851021EA9596600174FA8 /* AppDelegate.swift */,
				EBD851091EA9596600174FA8 /* Assets.xcassets */,
				EBD8510B1EA9596600174FA8 /* LaunchScreen.storyboard */,
			);
			name = Supporting;
			sourceTree = "<group>";
		};
/* End PBXGroup section */

/* Begin PBXNativeTarget section */
		EBD850FE1EA9596600174FA8 /* Smashtag */ = {
			isa = PBXNativeTarget;
			buildConfigurationList = EBD851111EA9596600174FA8 /* Build configuration list for PBXNativeTarget "Smashtag" */;
			buildPhases = (
				EBD850FB1EA9596600174FA8 /* Sources */,
				EBD850FC1EA9596600174FA8 /* Frameworks */,
				EBD850FD1EA9596600174FA8 /* Resources */,
				EBD8511A1EA95B5800174FA8 /* Embed Frameworks */,
			);
			buildRules = (
			);
			dependencies = (
			);
			name = Smashtag;
			productName = Smashtag;
			productReference = EBD850FF1EA9596600174FA8 /* Smashtag.app */;
			productType = "com.apple.product-type.application";
		};
/* End PBXNativeTarget section */

/* Begin PBXProject section */
		EBD850F71EA9596600174FA8 /* Project object */ = {
			isa = PBXProject;
			attributes = {
				LastSwiftUpdateCheck = 0830;
				LastUpgradeCheck = 0830;
				ORGANIZATIONNAME = lduan;
				TargetAttributes = {
					EBD850FE1EA9596600174FA8 = {
						CreatedOnToolsVersion = 8.3.1;
						DevelopmentTeam = GLAPQ59262;
						ProvisioningStyle = Automatic;
					};
				};
			};
			buildConfigurationList = EBD850FA1EA9596600174FA8 /* Build configuration list for PBXProject "Smashtag" */;
			compatibilityVersion = "Xcode 3.2";
			developmentRegion = English;
			hasScannedForEncodings = 0;
			knownRegions = (
				en,
				Base,
			);
			mainGroup = EBD850F61EA9596600174FA8;
			productRefGroup = EBD851001EA9596600174FA8 /* Products */;
			projectDirPath = "";
			projectRoot = "";
			targets = (
				EBD850FE1EA9596600174FA8 /* Smashtag */,
			);
		};
/* End PBXProject section */

/* Begin PBXResourcesBuildPhase section */
		EBD850FD1EA9596600174FA8 /* Resources */ = {
			isa = PBXResourcesBuildPhase;
			buildActionMask = 2147483647;
			files = (
				EB3722891EB259F80070CFB8 /* .gitignore in Resources */,
				EBD8510D1EA9596600174FA8 /* LaunchScreen.storyboard in Resources */,
				EBD8510A1EA9596600174FA8 /* Assets.xcassets in Resources */,
				EBD851081EA9596600174FA8 /* Main.storyboard in Resources */,
			);
			runOnlyForDeploymentPostprocessing = 0;
		};
/* End PBXResourcesBuildPhase section */

/* Begin PBXSourcesBuildPhase section */
		EBD850FB1EA9596600174FA8 /* Sources */ = {
			isa = PBXSourcesBuildPhase;
			buildActionMask = 2147483647;
			files = (
				EBD851031EA9596600174FA8 /* AppDelegate.swift in Sources */,
				EBB760261EB7C1D600914142 /* Tweet.swift in Sources */,
				EBD851161EA9599B00174FA8 /* TweetTableViewController.swift in Sources */,
				EB7DCC8B1EAEA5A2002016F0 /* TweetDetailTableViewController.swift in Sources */,
				EB7DCC8D1EAFBAB7002016F0 /* DetailTableViewCell.swift in Sources */,
				EBD8511C1EA9672800174FA8 /* TweetTableViewCell.swift in Sources */,
				EB037A541EB28D0F00B4EB4E /* RecentSearchTableViewController.swift in Sources */,
				EBB760281EB7C1F800914142 /* TwitterUser.swift in Sources */,
				EB037A581EB2A4DB00B4EB4E /* UserDefaultExtension.swift in Sources */,
				EB7DCC911EB1095B002016F0 /* ImageScrollViewController.swift in Sources */,
				EBB7602A1EB7C48E00914142 /* SmashTweetTableViewCcontroller.swift in Sources */,
				EBB760241EB7BF6F00914142 /* SmashtagData.xcdatamodeld in Sources */,
			);
			runOnlyForDeploymentPostprocessing = 0;
		};
/* End PBXSourcesBuildPhase section */

/* Begin PBXVariantGroup section */
		EBD851061EA9596600174FA8 /* Main.storyboard */ = {
			isa = PBXVariantGroup;
			children = (
				EBD851071EA9596600174FA8 /* Base */,
			);
			name = Main.storyboard;
			sourceTree = "<group>";
		};
		EBD8510B1EA9596600174FA8 /* LaunchScreen.storyboard */ = {
			isa = PBXVariantGroup;
			children = (
				EBD8510C1EA9596600174FA8 /* Base */,
			);
			name = LaunchScreen.storyboard;
			sourceTree = "<group>";
		};
/* End PBXVariantGroup section */

/* Begin XCBuildConfiguration section */
		EBD8510F1EA9596600174FA8 /* Debug */ = {
			isa = XCBuildConfiguration;
			buildSettings = {
				ALWAYS_SEARCH_USER_PATHS = NO;
				CLANG_ANALYZER_NONNULL = YES;
				CLANG_ANALYZER_NUMBER_OBJECT_CONVERSION = YES_AGGRESSIVE;
				CLANG_CXX_LANGUAGE_STANDARD = "gnu++0x";
				CLANG_CXX_LIBRARY = "libc++";
				CLANG_ENABLE_MODULES = YES;
				CLANG_ENABLE_OBJC_ARC = YES;
				CLANG_WARN_BOOL_CONVERSION = YES;
				CLANG_WARN_CONSTANT_CONVERSION = YES;
				CLANG_WARN_DIRECT_OBJC_ISA_USAGE = YES_ERROR;
				CLANG_WARN_DOCUMENTATION_COMMENTS = YES;
				CLANG_WARN_EMPTY_BODY = YES;
				CLANG_WARN_ENUM_CONVERSION = YES;
				CLANG_WARN_INFINITE_RECURSION = YES;
				CLANG_WARN_INT_CONVERSION = YES;
				CLANG_WARN_OBJC_ROOT_CLASS = YES_ERROR;
				CLANG_WARN_SUSPICIOUS_MOVE = YES;
				CLANG_WARN_UNREACHABLE_CODE = YES;
				CLANG_WARN__DUPLICATE_METHOD_MATCH = YES;
				"CODE_SIGN_IDENTITY[sdk=iphoneos*]" = "iPhone Developer";
				COPY_PHASE_STRIP = NO;
				DEBUG_INFORMATION_FORMAT = dwarf;
				ENABLE_STRICT_OBJC_MSGSEND = YES;
				ENABLE_TESTABILITY = YES;
				GCC_C_LANGUAGE_STANDARD = gnu99;
				GCC_DYNAMIC_NO_PIC = NO;
				GCC_NO_COMMON_BLOCKS = YES;
				GCC_OPTIMIZATION_LEVEL = 0;
				GCC_PREPROCESSOR_DEFINITIONS = (
					"DEBUG=1",
					"$(inherited)",
				);
				GCC_WARN_64_TO_32_BIT_CONVERSION = YES;
				GCC_WARN_ABOUT_RETURN_TYPE = YES_ERROR;
				GCC_WARN_UNDECLARED_SELECTOR = YES;
				GCC_WARN_UNINITIALIZED_AUTOS = YES_AGGRESSIVE;
				GCC_WARN_UNUSED_FUNCTION = YES;
				GCC_WARN_UNUSED_VARIABLE = YES;
				IPHONEOS_DEPLOYMENT_TARGET = 10.3;
				MTL_ENABLE_DEBUG_INFO = YES;
				ONLY_ACTIVE_ARCH = YES;
				SDKROOT = iphoneos;
				SWIFT_ACTIVE_COMPILATION_CONDITIONS = DEBUG;
				SWIFT_OPTIMIZATION_LEVEL = "-Onone";
			};
			name = Debug;
		};
		EBD851101EA9596600174FA8 /* Release */ = {
			isa = XCBuildConfiguration;
			buildSettings = {
				ALWAYS_SEARCH_USER_PATHS = NO;
				CLANG_ANALYZER_NONNULL = YES;
				CLANG_ANALYZER_NUMBER_OBJECT_CONVERSION = YES_AGGRESSIVE;
				CLANG_CXX_LANGUAGE_STANDARD = "gnu++0x";
				CLANG_CXX_LIBRARY = "libc++";
				CLANG_ENABLE_MODULES = YES;
				CLANG_ENABLE_OBJC_ARC = YES;
				CLANG_WARN_BOOL_CONVERSION = YES;
				CLANG_WARN_CONSTANT_CONVERSION = YES;
				CLANG_WARN_DIRECT_OBJC_ISA_USAGE = YES_ERROR;
				CLANG_WARN_DOCUMENTATION_COMMENTS = YES;
				CLANG_WARN_EMPTY_BODY = YES;
				CLANG_WARN_ENUM_CONVERSION = YES;
				CLANG_WARN_INFINITE_RECURSION = YES;
				CLANG_WARN_INT_CONVERSION = YES;
				CLANG_WARN_OBJC_ROOT_CLASS = YES_ERROR;
				CLANG_WARN_SUSPICIOUS_MOVE = YES;
				CLANG_WARN_UNREACHABLE_CODE = YES;
				CLANG_WARN__DUPLICATE_METHOD_MATCH = YES;
				"CODE_SIGN_IDENTITY[sdk=iphoneos*]" = "iPhone Developer";
				COPY_PHASE_STRIP = NO;
				DEBUG_INFORMATION_FORMAT = "dwarf-with-dsym";
				ENABLE_NS_ASSERTIONS = NO;
				ENABLE_STRICT_OBJC_MSGSEND = YES;
				GCC_C_LANGUAGE_STANDARD = gnu99;
				GCC_NO_COMMON_BLOCKS = YES;
				GCC_WARN_64_TO_32_BIT_CONVERSION = YES;
				GCC_WARN_ABOUT_RETURN_TYPE = YES_ERROR;
				GCC_WARN_UNDECLARED_SELECTOR = YES;
				GCC_WARN_UNINITIALIZED_AUTOS = YES_AGGRESSIVE;
				GCC_WARN_UNUSED_FUNCTION = YES;
				GCC_WARN_UNUSED_VARIABLE = YES;
				IPHONEOS_DEPLOYMENT_TARGET = 10.3;
				MTL_ENABLE_DEBUG_INFO = NO;
				SDKROOT = iphoneos;
				SWIFT_OPTIMIZATION_LEVEL = "-Owholemodule";
				VALIDATE_PRODUCT = YES;
			};
			name = Release;
		};
		EBD851121EA9596600174FA8 /* Debug */ = {
			isa = XCBuildConfiguration;
			buildSettings = {
				ASSETCATALOG_COMPILER_APPICON_NAME = AppIcon;
				DEVELOPMENT_TEAM = GLAPQ59262;
				INFOPLIST_FILE = Smashtag/Info.plist;
				LD_RUNPATH_SEARCH_PATHS = "$(inherited) @executable_path/Frameworks";
				PRODUCT_BUNDLE_IDENTIFIER = lejiaduan.Smashtag;
				PRODUCT_NAME = "$(TARGET_NAME)";
				SWIFT_VERSION = 3.0;
			};
			name = Debug;
		};
		EBD851131EA9596600174FA8 /* Release */ = {
			isa = XCBuildConfiguration;
			buildSettings = {
				ASSETCATALOG_COMPILER_APPICON_NAME = AppIcon;
				DEVELOPMENT_TEAM = GLAPQ59262;
				INFOPLIST_FILE = Smashtag/Info.plist;
				LD_RUNPATH_SEARCH_PATHS = "$(inherited) @executable_path/Frameworks";
				PRODUCT_BUNDLE_IDENTIFIER = lejiaduan.Smashtag;
				PRODUCT_NAME = "$(TARGET_NAME)";
				SWIFT_VERSION = 3.0;
			};
			name = Release;
		};
/* End XCBuildConfiguration section */

/* Begin XCConfigurationList section */
		EBD850FA1EA9596600174FA8 /* Build configuration list for PBXProject "Smashtag" */ = {
			isa = XCConfigurationList;
			buildConfigurations = (
				EBD8510F1EA9596600174FA8 /* Debug */,
				EBD851101EA9596600174FA8 /* Release */,
			);
			defaultConfigurationIsVisible = 0;
			defaultConfigurationName = Release;
		};
		EBD851111EA9596600174FA8 /* Build configuration list for PBXNativeTarget "Smashtag" */ = {
			isa = XCConfigurationList;
			buildConfigurations = (
				EBD851121EA9596600174FA8 /* Debug */,
				EBD851131EA9596600174FA8 /* Release */,
			);
			defaultConfigurationIsVisible = 0;
			defaultConfigurationName = Release;
		};
/* End XCConfigurationList section */

/* Begin XCVersionGroup section */
		EBB760221EB7BF6F00914142 /* SmashtagData.xcdatamodeld */ = {
			isa = XCVersionGroup;
			children = (
				EBB760231EB7BF6F00914142 /* SmashtagData.xcdatamodel */,
			);
			currentVersion = EBB760231EB7BF6F00914142 /* SmashtagData.xcdatamodel */;
			path = SmashtagData.xcdatamodeld;
			sourceTree = "<group>";
			versionGroupType = wrapper.xcdatamodel;
		};
/* End XCVersionGroup section */
	};
	rootObject = EBD850F71EA9596600174FA8 /* Project object */;
}
